// !$*UTF8*$!
{
	archiveVersion = 1;
	classes = {
	};
	objectVersion = 46;
	objects = {

/* Begin PBXBuildFile section */
		84CAB4671B2681EE00ABE15A /* AppDelegate.swift in Sources */ = {isa = PBXBuildFile; fileRef = 84CAB4661B2681EE00ABE15A /* AppDelegate.swift */; };
		84CAB4691B2681EE00ABE15A /* ViewController.swift in Sources */ = {isa = PBXBuildFile; fileRef = 84CAB4681B2681EE00ABE15A /* ViewController.swift */; };
		84CAB46C1B2681EE00ABE15A /* Main.storyboard in Resources */ = {isa = PBXBuildFile; fileRef = 84CAB46A1B2681EE00ABE15A /* Main.storyboard */; };
		84CAB46E1B2681EE00ABE15A /* Images.xcassets in Resources */ = {isa = PBXBuildFile; fileRef = 84CAB46D1B2681EE00ABE15A /* Images.xcassets */; };
		84CAB4711B2681EE00ABE15A /* LaunchScreen.xib in Resources */ = {isa = PBXBuildFile; fileRef = 84CAB46F1B2681EE00ABE15A /* LaunchScreen.xib */; };
		84CAB47D1B2681EE00ABE15A /* unboxTests.swift in Sources */ = {isa = PBXBuildFile; fileRef = 84CAB47C1B2681EE00ABE15A /* unboxTests.swift */; };
/* End PBXBuildFile section */

/* Begin PBXContainerItemProxy section */
		84CAB4771B2681EE00ABE15A /* PBXContainerItemProxy */ = {
			isa = PBXContainerItemProxy;
			containerPortal = 84CAB4591B2681EE00ABE15A /* Project object */;
			proxyType = 1;
			remoteGlobalIDString = 84CAB4601B2681EE00ABE15A;
			remoteInfo = unbox;
		};
/* End PBXContainerItemProxy section */

/* Begin PBXFileReference section */
		84CAB4611B2681EE00ABE15A /* unbox.app */ = {isa = PBXFileReference; explicitFileType = wrapper.application; includeInIndex = 0; path = unbox.app; sourceTree = BUILT_PRODUCTS_DIR; };
		84CAB4651B2681EE00ABE15A /* Info.plist */ = {isa = PBXFileReference; lastKnownFileType = text.plist.xml; path = Info.plist; sourceTree = "<group>"; };
		84CAB4661B2681EE00ABE15A /* AppDelegate.swift */ = {isa = PBXFileReference; lastKnownFileType = sourcecode.swift; path = AppDelegate.swift; sourceTree = "<group>"; };
		84CAB4681B2681EE00ABE15A /* ViewController.swift */ = {isa = PBXFileReference; lastKnownFileType = sourcecode.swift; path = ViewController.swift; sourceTree = "<group>"; };
		84CAB46B1B2681EE00ABE15A /* Base */ = {isa = PBXFileReference; lastKnownFileType = file.storyboard; name = Base; path = Base.lproj/Main.storyboard; sourceTree = "<group>"; };
		84CAB46D1B2681EE00ABE15A /* Images.xcassets */ = {isa = PBXFileReference; lastKnownFileType = folder.assetcatalog; path = Images.xcassets; sourceTree = "<group>"; };
		84CAB4701B2681EE00ABE15A /* Base */ = {isa = PBXFileReference; lastKnownFileType = file.xib; name = Base; path = Base.lproj/LaunchScreen.xib; sourceTree = "<group>"; };
		84CAB4761B2681EE00ABE15A /* unboxTests.xctest */ = {isa = PBXFileReference; explicitFileType = wrapper.cfbundle; includeInIndex = 0; path = unboxTests.xctest; sourceTree = BUILT_PRODUCTS_DIR; };
		84CAB47B1B2681EE00ABE15A /* Info.plist */ = {isa = PBXFileReference; lastKnownFileType = text.plist.xml; path = Info.plist; sourceTree = "<group>"; };
		84CAB47C1B2681EE00ABE15A /* unboxTests.swift */ = {isa = PBXFileReference; lastKnownFileType = sourcecode.swift; path = unboxTests.swift; sourceTree = "<group>"; };
/* End PBXFileReference section */

/* Begin PBXFrameworksBuildPhase section */
		84CAB45E1B2681EE00ABE15A /* Frameworks */ = {
			isa = PBXFrameworksBuildPhase;
			buildActionMask = 2147483647;
			files = (
			);
			runOnlyForDeploymentPostprocessing = 0;
		};
		84CAB4731B2681EE00ABE15A /* Frameworks */ = {
			isa = PBXFrameworksBuildPhase;
			buildActionMask = 2147483647;
			files = (
			);
			runOnlyForDeploymentPostprocessing = 0;
		};
/* End PBXFrameworksBuildPhase section */

/* Begin PBXGroup section */
		84CAB4581B2681EE00ABE15A = {
			isa = PBXGroup;
			children = (
				84CAB4631B2681EE00ABE15A /* unbox */,
				84CAB4791B2681EE00ABE15A /* unboxTests */,
				84CAB4621B2681EE00ABE15A /* Products */,
			);
			sourceTree = "<group>";
		};
		84CAB4621B2681EE00ABE15A /* Products */ = {
			isa = PBXGroup;
			children = (
				84CAB4611B2681EE00ABE15A /* unbox.app */,
				84CAB4761B2681EE00ABE15A /* unboxTests.xctest */,
			);
			name = Products;
			sourceTree = "<group>";
		};
		84CAB4631B2681EE00ABE15A /* unbox */ = {
			isa = PBXGroup;
			children = (
				84CAB4661B2681EE00ABE15A /* AppDelegate.swift */,
				84CAB4681B2681EE00ABE15A /* ViewController.swift */,
				84CAB46A1B2681EE00ABE15A /* Main.storyboard */,
				84CAB46D1B2681EE00ABE15A /* Images.xcassets */,
				84CAB46F1B2681EE00ABE15A /* LaunchScreen.xib */,
				84CAB4641B2681EE00ABE15A /* Supporting Files */,
			);
			path = unbox;
			sourceTree = "<group>";
		};
		84CAB4641B2681EE00ABE15A /* Supporting Files */ = {
			isa = PBXGroup;
			children = (
				84CAB4651B2681EE00ABE15A /* Info.plist */,
			);
			name = "Supporting Files";
			sourceTree = "<group>";
		};
		84CAB4791B2681EE00ABE15A /* unboxTests */ = {
			isa = PBXGroup;
			children = (
				84CAB47C1B2681EE00ABE15A /* unboxTests.swift */,
				84CAB47A1B2681EE00ABE15A /* Supporting Files */,
			);
			path = unboxTests;
			sourceTree = "<group>";
		};
		84CAB47A1B2681EE00ABE15A /* Supporting Files */ = {
			isa = PBXGroup;
			children = (
				84CAB47B1B2681EE00ABE15A /* Info.plist */,
			);
			name = "Supporting Files";
			sourceTree = "<group>";
		};
/* End PBXGroup section */

/* Begin PBXNativeTarget section */
		84CAB4601B2681EE00ABE15A /* unbox */ = {
			isa = PBXNativeTarget;
			buildConfigurationList = 84CAB4801B2681EE00ABE15A /* Build configuration list for PBXNativeTarget "unbox" */;
			buildPhases = (
				84CAB45D1B2681EE00ABE15A /* Sources */,
				84CAB45E1B2681EE00ABE15A /* Frameworks */,
				84CAB45F1B2681EE00ABE15A /* Resources */,
			);
			buildRules = (
			);
			dependencies = (
			);
			name = unbox;
			productName = unbox;
			productReference = 84CAB4611B2681EE00ABE15A /* unbox.app */;
			productType = "com.apple.product-type.application";
		};
		84CAB4751B2681EE00ABE15A /* unboxTests */ = {
			isa = PBXNativeTarget;
			buildConfigurationList = 84CAB4831B2681EE00ABE15A /* Build configuration list for PBXNativeTarget "unboxTests" */;
			buildPhases = (
				84CAB4721B2681EE00ABE15A /* Sources */,
				84CAB4731B2681EE00ABE15A /* Frameworks */,
				84CAB4741B2681EE00ABE15A /* Resources */,
			);
			buildRules = (
			);
			dependencies = (
				84CAB4781B2681EE00ABE15A /* PBXTargetDependency */,
			);
			name = unboxTests;
			productName = unboxTests;
			productReference = 84CAB4761B2681EE00ABE15A /* unboxTests.xctest */;
			productType = "com.apple.product-type.bundle.unit-test";
		};
/* End PBXNativeTarget section */

/* Begin PBXProject section */
		84CAB4591B2681EE00ABE15A /* Project object */ = {
			isa = PBXProject;
			attributes = {
				LastUpgradeCheck = 0630;
				ORGANIZATIONNAME = "Jules Walter";
				TargetAttributes = {
					84CAB4601B2681EE00ABE15A = {
						CreatedOnToolsVersion = 6.3;
					};
					84CAB4751B2681EE00ABE15A = {
						CreatedOnToolsVersion = 6.3;
						TestTargetID = 84CAB4601B2681EE00ABE15A;
					};
				};
			};
			buildConfigurationList = 84CAB45C1B2681EE00ABE15A /* Build configuration list for PBXProject "unbox" */;
			compatibilityVersion = "Xcode 3.2";
			developmentRegion = English;
			hasScannedForEncodings = 0;
			knownRegions = (
				en,
				Base,
			);
			mainGroup = 84CAB4581B2681EE00ABE15A;
			productRefGroup = 84CAB4621B2681EE00ABE15A /* Products */;
			projectDirPath = "";
			projectRoot = "";
			targets = (
				84CAB4601B2681EE00ABE15A /* unbox */,
				84CAB4751B2681EE00ABE15A /* unboxTests */,
			);
		};
/* End PBXProject section */

/* Begin PBXResourcesBuildPhase section */
		84CAB45F1B2681EE00ABE15A /* Resources */ = {
			isa = PBXResourcesBuildPhase;
			buildActionMask = 2147483647;
			files = (
				84CAB46C1B2681EE00ABE15A /* Main.storyboard in Resources */,
				84CAB4711B2681EE00ABE15A /* LaunchScreen.xib in Resources */,
				84CAB46E1B2681EE00ABE15A /* Images.xcassets in Resources */,
			);
			runOnlyForDeploymentPostprocessing = 0;
		};
		84CAB4741B2681EE00ABE15A /* Resources */ = {
			isa = PBXResourcesBuildPhase;
			buildActionMask = 2147483647;
			files = (
			);
			runOnlyForDeploymentPostprocessing = 0;
		};
/* End PBXResourcesBuildPhase section */

/* Begin PBXSourcesBuildPhase section */
		84CAB45D1B2681EE00ABE15A /* Sources */ = {
			isa = PBXSourcesBuildPhase;
			buildActionMask = 2147483647;
			files = (
				84CAB4691B2681EE00ABE15A /* ViewController.swift in Sources */,
				84CAB4671B2681EE00ABE15A /* AppDelegate.swift in Sources */,
			);
			runOnlyForDeploymentPostprocessing = 0;
		};
		84CAB4721B2681EE00ABE15A /* Sources */ = {
			isa = PBXSourcesBuildPhase;
			buildActionMask = 2147483647;
			files = (
				84CAB47D1B2681EE00ABE15A /* unboxTests.swift in Sources */,
			);
			runOnlyForDeploymentPostprocessing = 0;
		};
/* End PBXSourcesBuildPhase section */

/* Begin PBXTargetDependency section */
		84CAB4781B2681EE00ABE15A /* PBXTargetDependency */ = {
			isa = PBXTargetDependency;
			target = 84CAB4601B2681EE00ABE15A /* unbox */;
			targetProxy = 84CAB4771B2681EE00ABE15A /* PBXContainerItemProxy */;
		};
/* End PBXTargetDependency section */

/* Begin PBXVariantGroup section */
		84CAB46A1B2681EE00ABE15A /* Main.storyboard */ = {
			isa = PBXVariantGroup;
			children = (
				84CAB46B1B2681EE00ABE15A /* Base */,
			);
			name = Main.storyboard;
			sourceTree = "<group>";
		};
		84CAB46F1B2681EE00ABE15A /* LaunchScreen.xib */ = {
			isa = PBXVariantGroup;
			children = (
				84CAB4701B2681EE00ABE15A /* Base */,
			);
			name = LaunchScreen.xib;
			sourceTree = "<group>";
		};
/* End PBXVariantGroup section */

/* Begin XCBuildConfiguration section */
		84CAB47E1B2681EE00ABE15A /* Debug */ = {
			isa = XCBuildConfiguration;
			buildSettings = {
				ALWAYS_SEARCH_USER_PATHS = NO;
				CLANG_CXX_LANGUAGE_STANDARD = "gnu++0x";
				CLANG_CXX_LIBRARY = "libc++";
				CLANG_ENABLE_MODULES = YES;
				CLANG_ENABLE_OBJC_ARC = YES;
				CLANG_WARN_BOOL_CONVERSION = YES;
				CLANG_WARN_CONSTANT_CONVERSION = YES;
				CLANG_WARN_DIRECT_OBJC_ISA_USAGE = YES_ERROR;
				CLANG_WARN_EMPTY_BODY = YES;
				CLANG_WARN_ENUM_CONVERSION = YES;
				CLANG_WARN_INT_CONVERSION = YES;
				CLANG_WARN_OBJC_ROOT_CLASS = YES_ERROR;
				CLANG_WARN_UNREACHABLE_CODE = YES;
				CLANG_WARN__DUPLICATE_METHOD_MATCH = YES;
				"CODE_SIGN_IDENTITY[sdk=iphoneos*]" = "iPhone Developer";
				COPY_PHASE_STRIP = NO;
				DEBUG_INFORMATION_FORMAT = "dwarf-with-dsym";
				ENABLE_STRICT_OBJC_MSGSEND = YES;
				GCC_C_LANGUAGE_STANDARD = gnu99;
				GCC_DYNAMIC_NO_PIC = NO;
				GCC_NO_COMMON_BLOCKS = YES;
				GCC_OPTIMIZATION_LEVEL = 0;
				GCC_PREPROCESSOR_DEFINITIONS = (
					"DEBUG=1",
					"$(inherited)",
				);
				GCC_SYMBOLS_PRIVATE_EXTERN = NO;
				GCC_WARN_64_TO_32_BIT_CONVERSION = YES;
				GCC_WARN_ABOUT_RETURN_TYPE = YES_ERROR;
				GCC_WARN_UNDECLARED_SELECTOR = YES;
				GCC_WARN_UNINITIALIZED_AUTOS = YES_AGGRESSIVE;
				GCC_WARN_UNUSED_FUNCTION = YES;
				GCC_WARN_UNUSED_VARIABLE = YES;
				IPHONEOS_DEPLOYMENT_TARGET = 8.3;
				MTL_ENABLE_DEBUG_INFO = YES;
				ONLY_ACTIVE_ARCH = YES;
				SDKROOT = iphoneos;
				SWIFT_OPTIMIZATION_LEVEL = "-Onone";
			};
			name = Debug;
		};
		84CAB47F1B2681EE00ABE15A /* Release */ = {
			isa = XCBuildConfiguration;
			buildSettings = {
				ALWAYS_SEARCH_USER_PATHS = NO;
				CLANG_CXX_LANGUAGE_STANDARD = "gnu++0x";
				CLANG_CXX_LIBRARY = "libc++";
				CLANG_ENABLE_MODULES = YES;
				CLANG_ENABLE_OBJC_ARC = YES;
				CLANG_WARN_BOOL_CONVERSION = YES;
				CLANG_WARN_CONSTANT_CONVERSION = YES;
				CLANG_WARN_DIRECT_OBJC_ISA_USAGE = YES_ERROR;
				CLANG_WARN_EMPTY_BODY = YES;
				CLANG_WARN_ENUM_CONVERSION = YES;
				CLANG_WARN_INT_CONVERSION = YES;
				CLANG_WARN_OBJC_ROOT_CLASS = YES_ERROR;
				CLANG_WARN_UNREACHABLE_CODE = YES;
				CLANG_WARN__DUPLICATE_METHOD_MATCH = YES;
				"CODE_SIGN_IDENTITY[sdk=iphoneos*]" = "iPhone Developer";
				COPY_PHASE_STRIP = NO;
				DEBUG_INFORMATION_FORMAT = "dwarf-with-dsym";
				ENABLE_NS_ASSERTIONS = NO;
				ENABLE_STRICT_OBJC_MSGSEND = YES;
				GCC_C_LANGUAGE_STANDARD = gnu99;
				GCC_NO_COMMON_BLOCKS = YES;
				GCC_WARN_64_TO_32_BIT_CONVERSION = YES;
				GCC_WARN_ABOUT_RETURN_TYPE = YES_ERROR;
				GCC_WARN_UNDECLARED_SELECTOR = YES;
				GCC_WARN_UNINITIALIZED_AUTOS = YES_AGGRESSIVE;
				GCC_WARN_UNUSED_FUNCTION = YES;
				GCC_WARN_UNUSED_VARIABLE = YES;
				IPHONEOS_DEPLOYMENT_TARGET = 8.3;
				MTL_ENABLE_DEBUG_INFO = NO;
				SDKROOT = iphoneos;
				VALIDATE_PRODUCT = YES;
			};
			name = Release;
		};
		84CAB4811B2681EE00ABE15A /* Debug */ = {
			isa = XCBuildConfiguration;
			buildSettings = {
				ASSETCATALOG_COMPILER_APPICON_NAME = AppIcon;
				INFOPLIST_FILE = unbox/Info.plist;
				LD_RUNPATH_SEARCH_PATHS = "$(inherited) @executable_path/Frameworks";
				PRODUCT_NAME = "$(TARGET_NAME)";
			};
			name = Debug;
		};
		84CAB4821B2681EE00ABE15A /* Release */ = {
			isa = XCBuildConfiguration;
			buildSettings = {
				ASSETCATALOG_COMPILER_APPICON_NAME = AppIcon;
				INFOPLIST_FILE = unbox/Info.plist;
				LD_RUNPATH_SEARCH_PATHS = "$(inherited) @executable_path/Frameworks";
				PRODUCT_NAME = "$(TARGET_NAME)";
			};
			name = Release;
		};
		84CAB4841B2681EE00ABE15A /* Debug */ = {
			isa = XCBuildConfiguration;
			buildSettings = {
				BUNDLE_LOADER = "$(TEST_HOST)";
				FRAMEWORK_SEARCH_PATHS = (
					"$(SDKROOT)/Developer/Library/Frameworks",
					"$(inherited)",
				);
				GCC_PREPROCESSOR_DEFINITIONS = (
					"DEBUG=1",
					"$(inherited)",
				);
				INFOPLIST_FILE = unboxTests/Info.plist;
				LD_RUNPATH_SEARCH_PATHS = "$(inherited) @executable_path/Frameworks @loader_path/Frameworks";
				PRODUCT_NAME = "$(TARGET_NAME)";
				TEST_HOST = "$(BUILT_PRODUCTS_DIR)/unbox.app/unbox";
			};
			name = Debug;
		};
		84CAB4851B2681EE00ABE15A /* Release */ = {
			isa = XCBuildConfiguration;
			buildSettings = {
				BUNDLE_LOADER = "$(TEST_HOST)";
				FRAMEWORK_SEARCH_PATHS = (
					"$(SDKROOT)/Developer/Library/Frameworks",
					"$(inherited)",
				);
				INFOPLIST_FILE = unboxTests/Info.plist;
				LD_RUNPATH_SEARCH_PATHS = "$(inherited) @executable_path/Frameworks @loader_path/Frameworks";
				PRODUCT_NAME = "$(TARGET_NAME)";
				TEST_HOST = "$(BUILT_PRODUCTS_DIR)/unbox.app/unbox";
			};
			name = Release;
		};
/* End XCBuildConfiguration section */

/* Begin XCConfigurationList section */
		84CAB45C1B2681EE00ABE15A /* Build configuration list for PBXProject "unbox" */ = {
			isa = XCConfigurationList;
			buildConfigurations = (
				84CAB47E1B2681EE00ABE15A /* Debug */,
				84CAB47F1B2681EE00ABE15A /* Release */,
			);
			defaultConfigurationIsVisible = 0;
			defaultConfigurationName = Release;
		};
		84CAB4801B2681EE00ABE15A /* Build configuration list for PBXNativeTarget "unbox" */ = {
			isa = XCConfigurationList;
			buildConfigurations = (
				84CAB4811B2681EE00ABE15A /* Debug */,
				84CAB4821B2681EE00ABE15A /* Release */,
			);
			defaultConfigurationIsVisible = 0;
		};
		84CAB4831B2681EE00ABE15A /* Build configuration list for PBXNativeTarget "unboxTests" */ = {
			isa = XCConfigurationList;
			buildConfigurations = (
				84CAB4841B2681EE00ABE15A /* Debug */,
				84CAB4851B2681EE00ABE15A /* Release */,
			);
			defaultConfigurationIsVisible = 0;
		};
/* End XCConfigurationList section */
	};
	rootObject = 84CAB4591B2681EE00ABE15A /* Project object */;
}
